
Microsoft Visual Studio Solution File, Format Version 12.00
# Visual Studio Version 17
VisualStudioVersion = 17.0.31903.59
MinimumVisualStudioVersion = 10.0.40219.1
Project("{FAE04EC0-301F-11D3-BF4B-00C04F79EFBC}") = "ApiKeyGateway", "src\ApiKeyGateway\ApiKeyGateway.csproj", "{A52B36A0-688A-44D4-A309-C8CA51AD7B51}"
EndProject
Project("{FAE04EC0-301F-11D3-BF4B-00C04F79EFBC}") = "api-key-gateway.Tests", "tests\api-key-gateway.Tests\api-key-gateway.Tests.csproj", "{B7E5C3D2-9F8A-4E1B-AC6D-3F2E7B4D9C8A}"
EndProject
Project("{FAE04EC0-301F-11D3-BF4B-00C04F79EFBC}") = "api-key-gateway.Benchmarks", "benchmarks\api-key-gateway.Benchmarks\api-key-gateway.Benchmarks.csproj", "{C3E5A7B2-4D1F-4A8E-B6C9-2D7F3E8A5B1C}"
EndProject
Global
	GlobalSection(SolutionConfigurationPlatforms) = preSolution
		Debug|Any CPU = Debug|Any CPU
		Release|Any CPU = Release|Any CPU
	EndGlobalSection
	GlobalSection(ProjectConfigurationPlatforms) = postSolution
		{A52B36A0-688A-44D4-A309-C8CA51AD7B51}.Debug|Any CPU.ActiveCfg = Debug|Any CPU
		{A52B36A0-688A-44D4-A309-C8CA51AD7B51}.Debug|Any CPU.Build.0 = Debug|Any CPU
		{A52B36A0-688A-44D4-A309-C8CA51AD7B51}.Release|Any CPU.ActiveCfg = Release|Any CPU
		{A52B36A0-688A-44D4-A309-C8CA51AD7B51}.Release|Any CPU.Build.0 = Release|Any CPU
		{B7E5C3D2-9F8A-4E1B-AC6D-3F2E7B4D9C8A}.Debug|Any CPU.ActiveCfg = Debug|Any CPU
		{B7E5C3D2-9F8A-4E1B-AC6D-3F2E7B4D9C8A}.Debug|Any CPU.Build.0 = Debug|Any CPU
		{B7E5C3D2-9F8A-4E1B-AC6D-3F2E7B4D9C8A}.Release|Any CPU.ActiveCfg = Release|Any CPU
		{B7E5C3D2-9F8A-4E1B-AC6D-3F2E7B4D9C8A}.Release|Any CPU.Build.0 = Release|Any CPU
		{C3E5A7B2-4D1F-4A8E-B6C9-2D7F3E8A5B1C}.Debug|Any CPU.ActiveCfg = Release|Any CPU
		{C3E5A7B2-4D1F-4A8E-B6C9-2D7F3E8A5B1C}.Debug|Any CPU.Build.0 = Release|Any CPU
		{C3E5A7B2-4D1F-4A8E-B6C9-2D7F3E8A5B1C}.Release|Any CPU.ActiveCfg = Release|Any CPU
		{C3E5A7B2-4D1F-4A8E-B6C9-2D7F3E8A5B1C}.Release|Any CPU.Build.0 = Release|Any CPU
	EndGlobalSection
	GlobalSection(SolutionProperties) = preSolution
		HideSolutionNode = FALSE
	EndGlobalSection
	GlobalSection(ExtensibilityGlobals) = postSolution
		SolutionGuid = {EA393DF3-D69C-4F83-9763-48EEF969F22D}
	EndGlobalSection
EndGlobal
